
Microsoft Visual Studio Solution File, Format Version 12.00
# Visual Studio Version 17
VisualStudioVersion = 17.0.31903.59
MinimumVisualStudioVersion = 10.0.40219.1
Project("{FAE04EC0-301F-11D3-BF4B-00C04F79EFBC}") = "MottuRFID.API", "MottuRFID.API\MottuRFID.API.csproj", "{A40BDB26-52F8-4EAE-AEE5-7510DAB5571D}"
EndProject
Project("{FAE04EC0-301F-11D3-BF4B-00C04F79EFBC}") = "MottuRFID.Domain", "MottuRFID.Domain\MottuRFID.Domain.csproj", "{A5E77CB7-49FC-47D5-AE43-99AFD9EF4B98}"
EndProject
Project("{FAE04EC0-301F-11D3-BF4B-00C04F79EFBC}") = "MottuRFID.Application", "MottuRFID.Application\MottuRFID.Application.csproj", "{FF8D6808-CD70-4352-9BFC-06529C523E63}"
EndProject
Project("{FAE04EC0-301F-11D3-BF4B-00C04F79EFBC}") = "MottuRFID.Infrastructure", "MottuRFID.Infrastructure\MottuRFID.Infrastructure.csproj", "{C631321D-0B25-4244-BE65-84684E7C693F}"
EndProject
Project("{FAE04EC0-301F-11D3-BF4B-00C04F79EFBC}") = "MottuRFID.Tests", "MottuRFID.Tests\MottuRFID.Tests.csproj", "{D1234567-89AB-CDEF-0123-456789ABCDEF}"
EndProject
Global
	GlobalSection(SolutionConfigurationPlatforms) = preSolution
		Debug|Any CPU = Debug|Any CPU
		Debug|x64 = Debug|x64
		Debug|x86 = Debug|x86
		Release|Any CPU = Release|Any CPU
		Release|x64 = Release|x64
		Release|x86 = Release|x86
	EndGlobalSection
	GlobalSection(ProjectConfigurationPlatforms) = postSolution
		{A40BDB26-52F8-4EAE-AEE5-7510DAB5571D}.Debug|Any CPU.ActiveCfg = Debug|Any CPU
		{A40BDB26-52F8-4EAE-AEE5-7510DAB5571D}.Debug|Any CPU.Build.0 = Debug|Any CPU
		{A40BDB26-52F8-4EAE-AEE5-7510DAB5571D}.Debug|x64.ActiveCfg = Debug|Any CPU
		{A40BDB26-52F8-4EAE-AEE5-7510DAB5571D}.Debug|x64.Build.0 = Debug|Any CPU
		{A40BDB26-52F8-4EAE-AEE5-7510DAB5571D}.Debug|x86.ActiveCfg = Debug|Any CPU
		{A40BDB26-52F8-4EAE-AEE5-7510DAB5571D}.Debug|x86.Build.0 = Debug|Any CPU
		{A40BDB26-52F8-4EAE-AEE5-7510DAB5571D}.Release|Any CPU.ActiveCfg = Release|Any CPU
		{A40BDB26-52F8-4EAE-AEE5-7510DAB5571D}.Release|Any CPU.Build.0 = Release|Any CPU
		{A40BDB26-52F8-4EAE-AEE5-7510DAB5571D}.Release|x64.ActiveCfg = Release|Any CPU
		{A40BDB26-52F8-4EAE-AEE5-7510DAB5571D}.Release|x64.Build.0 = Release|Any CPU
		{A40BDB26-52F8-4EAE-AEE5-7510DAB5571D}.Release|x86.ActiveCfg = Release|Any CPU
		{A40BDB26-52F8-4EAE-AEE5-7510DAB5571D}.Release|x86.Build.0 = Release|Any CPU
		{A5E77CB7-49FC-47D5-AE43-99AFD9EF4B98}.Debug|Any CPU.ActiveCfg = Debug|Any CPU
		{A5E77CB7-49FC-47D5-AE43-99AFD9EF4B98}.Debug|Any CPU.Build.0 = Debug|Any CPU
		{A5E77CB7-49FC-47D5-AE43-99AFD9EF4B98}.Debug|x64.ActiveCfg = Debug|Any CPU
		{A5E77CB7-49FC-47D5-AE43-99AFD9EF4B98}.Debug|x64.Build.0 = Debug|Any CPU
		{A5E77CB7-49FC-47D5-AE43-99AFD9EF4B98}.Debug|x86.ActiveCfg = Debug|Any CPU
		{A5E77CB7-49FC-47D5-AE43-99AFD9EF4B98}.Debug|x86.Build.0 = Debug|Any CPU
		{A5E77CB7-49FC-47D5-AE43-99AFD9EF4B98}.Release|Any CPU.ActiveCfg = Release|Any CPU
		{A5E77CB7-49FC-47D5-AE43-99AFD9EF4B98}.Release|Any CPU.Build.0 = Release|Any CPU
		{A5E77CB7-49FC-47D5-AE43-99AFD9EF4B98}.Release|x64.ActiveCfg = Release|Any CPU
		{A5E77CB7-49FC-47D5-AE43-99AFD9EF4B98}.Release|x64.Build.0 = Release|Any CPU
		{A5E77CB7-49FC-47D5-AE43-99AFD9EF4B98}.Release|x86.ActiveCfg = Release|Any CPU
		{A5E77CB7-49FC-47D5-AE43-99AFD9EF4B98}.Release|x86.Build.0 = Release|Any CPU
		{FF8D6808-CD70-4352-9BFC-06529C523E63}.Debug|Any CPU.ActiveCfg = Debug|Any CPU
		{FF8D6808-CD70-4352-9BFC-06529C523E63}.Debug|Any CPU.Build.0 = Debug|Any CPU
		{FF8D6808-CD70-4352-9BFC-06529C523E63}.Debug|x64.ActiveCfg = Debug|Any CPU
		{FF8D6808-CD70-4352-9BFC-06529C523E63}.Debug|x64.Build.0 = Debug|Any CPU
		{FF8D6808-CD70-4352-9BFC-06529C523E63}.Debug|x86.ActiveCfg = Debug|Any CPU
		{FF8D6808-CD70-4352-9BFC-06529C523E63}.Debug|x86.Build.0 = Debug|Any CPU
		{FF8D6808-CD70-4352-9BFC-06529C523E63}.Release|Any CPU.ActiveCfg = Release|Any CPU
		{FF8D6808-CD70-4352-9BFC-06529C523E63}.Release|Any CPU.Build.0 = Release|Any CPU
		{FF8D6808-CD70-4352-9BFC-06529C523E63}.Release|x64.ActiveCfg = Release|Any CPU
		{FF8D6808-CD70-4352-9BFC-06529C523E63}.Release|x64.Build.0 = Release|Any CPU
		{FF8D6808-CD70-4352-9BFC-06529C523E63}.Release|x86.ActiveCfg = Release|Any CPU
		{FF8D6808-CD70-4352-9BFC-06529C523E63}.Release|x86.Build.0 = Release|Any CPU
		{C631321D-0B25-4244-BE65-84684E7C693F}.Debug|Any CPU.ActiveCfg = Debug|Any CPU
		{C631321D-0B25-4244-BE65-84684E7C693F}.Debug|Any CPU.Build.0 = Debug|Any CPU
		{C631321D-0B25-4244-BE65-84684E7C693F}.Debug|x64.ActiveCfg = Debug|Any CPU
		{C631321D-0B25-4244-BE65-84684E7C693F}.Debug|x64.Build.0 = Debug|Any CPU
		{C631321D-0B25-4244-BE65-84684E7C693F}.Debug|x86.ActiveCfg = Debug|Any CPU
		{C631321D-0B25-4244-BE65-84684E7C693F}.Debug|x86.Build.0 = Debug|Any CPU
		{C631321D-0B25-4244-BE65-84684E7C693F}.Release|Any CPU.ActiveCfg = Release|Any CPU
		{C631321D-0B25-4244-BE65-84684E7C693F}.Release|Any CPU.Build.0 = Release|Any CPU
		{C631321D-0B25-4244-BE65-84684E7C693F}.Release|x64.ActiveCfg = Release|Any CPU
		{C631321D-0B25-4244-BE65-84684E7C693F}.Release|x64.Build.0 = Release|Any CPU
		{C631321D-0B25-4244-BE65-84684E7C693F}.Release|x86.ActiveCfg = Release|Any CPU
		{C631321D-0B25-4244-BE65-84684E7C693F}.Release|x86.Build.0 = Release|Any CPU
		{D1234567-89AB-CDEF-0123-456789ABCDEF}.Debug|Any CPU.ActiveCfg = Debug|Any CPU
		{D1234567-89AB-CDEF-0123-456789ABCDEF}.Debug|Any CPU.Build.0 = Debug|Any CPU
		{D1234567-89AB-CDEF-0123-456789ABCDEF}.Debug|x64.ActiveCfg = Debug|Any CPU
		{D1234567-89AB-CDEF-0123-456789ABCDEF}.Debug|x64.Build.0 = Debug|Any CPU
		{D1234567-89AB-CDEF-0123-456789ABCDEF}.Debug|x86.ActiveCfg = Debug|Any CPU
		{D1234567-89AB-CDEF-0123-456789ABCDEF}.Debug|x86.Build.0 = Debug|Any CPU
		{D1234567-89AB-CDEF-0123-456789ABCDEF}.Release|Any CPU.ActiveCfg = Release|Any CPU
		{D1234567-89AB-CDEF-0123-456789ABCDEF}.Release|Any CPU.Build.0 = Release|Any CPU
		{D1234567-89AB-CDEF-0123-456789ABCDEF}.Release|x64.ActiveCfg = Release|Any CPU
		{D1234567-89AB-CDEF-0123-456789ABCDEF}.Release|x64.Build.0 = Release|Any CPU
		{D1234567-89AB-CDEF-0123-456789ABCDEF}.Release|x86.ActiveCfg = Release|Any CPU
		{D1234567-89AB-CDEF-0123-456789ABCDEF}.Release|x86.Build.0 = Release|Any CPU
	EndGlobalSection
	GlobalSection(SolutionProperties) = preSolution
		HideSolutionNode = FALSE
	EndGlobalSection
EndGlobal

